
Microsoft Visual Studio Solution File, Format Version 12.00
# Visual Studio Version 17
VisualStudioVersion = 17.5.33516.290
MinimumVisualStudioVersion = 10.0.40219.1
Project("{FAE04EC0-301F-11D3-BF4B-00C04F79EFBC}") = "YTProject", "YTProject\YTProject.csproj", "{13B05278-D320-43B1-B4FE-E78DB5245ADB}"
EndProject
Global
	GlobalSection(SolutionConfigurationPlatforms) = preSolution
		Debug|Any CPU = Debug|Any CPU
		Release|Any CPU = Release|Any CPU
	EndGlobalSection
	GlobalSection(ProjectConfigurationPlatforms) = postSolution
		{13B05278-D320-43B1-B4FE-E78DB5245ADB}.Debug|Any CPU.ActiveCfg = Debug|Any CPU
		{13B05278-D320-43B1-B4FE-E78DB5245ADB}.Debug|Any CPU.Build.0 = Debug|Any CPU
		{13B05278-D320-43B1-B4FE-E78DB5245ADB}.Release|Any CPU.ActiveCfg = Release|Any CPU
		{13B05278-D320-43B1-B4FE-E78DB5245ADB}.Release|Any CPU.Build.0 = Release|Any CPU
	EndGlobalSection
	GlobalSection(SolutionProperties) = preSolution
		HideSolutionNode = FALSE
	EndGlobalSection
	GlobalSection(ExtensibilityGlobals) = postSolution
		SolutionGuid = {15380532-2291-4B29-82D8-7C6A04DDB678}
	EndGlobalSection
EndGlobal
